// !$*UTF8*$!
{
	archiveVersion = 1;
	classes = {
	};
	objectVersion = 55;
	objects = {

/* Begin PBXBuildFile section */
		6D21990E2775F77300342C9B /* AppDelegate.swift in Sources */ = {isa = PBXBuildFile; fileRef = 6D21990D2775F77300342C9B /* AppDelegate.swift */; };
		6D2199102775F77300342C9B /* art.scnassets in Resources */ = {isa = PBXBuildFile; fileRef = 6D21990F2775F77300342C9B /* art.scnassets */; };
		6D2199122775F77300342C9B /* ViewController.swift in Sources */ = {isa = PBXBuildFile; fileRef = 6D2199112775F77300342C9B /* ViewController.swift */; };
		6D2199152775F77300342C9B /* Main.storyboard in Resources */ = {isa = PBXBuildFile; fileRef = 6D2199132775F77300342C9B /* Main.storyboard */; };
		6D2199172775F77700342C9B /* Assets.xcassets in Resources */ = {isa = PBXBuildFile; fileRef = 6D2199162775F77700342C9B /* Assets.xcassets */; };
		6D21991A2775F77700342C9B /* LaunchScreen.storyboard in Resources */ = {isa = PBXBuildFile; fileRef = 6D2199182775F77700342C9B /* LaunchScreen.storyboard */; };
		6D2199242775F77700342C9B /* RulerTests.swift in Sources */ = {isa = PBXBuildFile; fileRef = 6D2199232775F77700342C9B /* RulerTests.swift */; };
		6D21992E2775F77700342C9B /* RulerUITests.swift in Sources */ = {isa = PBXBuildFile; fileRef = 6D21992D2775F77700342C9B /* RulerUITests.swift */; };
		6D2199302775F77700342C9B /* RulerUITestsLaunchTests.swift in Sources */ = {isa = PBXBuildFile; fileRef = 6D21992F2775F77700342C9B /* RulerUITestsLaunchTests.swift */; };
/* End PBXBuildFile section */

/* Begin PBXContainerItemProxy section */
		6D2199202775F77700342C9B /* PBXContainerItemProxy */ = {
			isa = PBXContainerItemProxy;
			containerPortal = 6D2199022775F77300342C9B /* Project object */;
			proxyType = 1;
			remoteGlobalIDString = 6D2199092775F77300342C9B;
			remoteInfo = Ruler;
		};
		6D21992A2775F77700342C9B /* PBXContainerItemProxy */ = {
			isa = PBXContainerItemProxy;
			containerPortal = 6D2199022775F77300342C9B /* Project object */;
			proxyType = 1;
			remoteGlobalIDString = 6D2199092775F77300342C9B;
			remoteInfo = Ruler;
		};
/* End PBXContainerItemProxy section */

/* Begin PBXFileReference section */
		6D21990A2775F77300342C9B /* ARARRuler.app */ = {isa = PBXFileReference; explicitFileType = wrapper.application; includeInIndex = 0; path = ARARRuler.app; sourceTree = BUILT_PRODUCTS_DIR; };
		6D21990D2775F77300342C9B /* AppDelegate.swift */ = {isa = PBXFileReference; lastKnownFileType = sourcecode.swift; path = AppDelegate.swift; sourceTree = "<group>"; };
		6D21990F2775F77300342C9B /* art.scnassets */ = {isa = PBXFileReference; lastKnownFileType = wrapper.scnassets; path = art.scnassets; sourceTree = "<group>"; };
		6D2199112775F77300342C9B /* ViewController.swift */ = {isa = PBXFileReference; lastKnownFileType = sourcecode.swift; path = ViewController.swift; sourceTree = "<group>"; };
		6D2199142775F77300342C9B /* Base */ = {isa = PBXFileReference; lastKnownFileType = file.storyboard; name = Base; path = Base.lproj/Main.storyboard; sourceTree = "<group>"; };
		6D2199162775F77700342C9B /* Assets.xcassets */ = {isa = PBXFileReference; lastKnownFileType = folder.assetcatalog; path = Assets.xcassets; sourceTree = "<group>"; };
		6D2199192775F77700342C9B /* Base */ = {isa = PBXFileReference; lastKnownFileType = file.storyboard; name = Base; path = Base.lproj/LaunchScreen.storyboard; sourceTree = "<group>"; };
		6D21991F2775F77700342C9B /* ARRulerTests.xctest */ = {isa = PBXFileReference; explicitFileType = wrapper.cfbundle; includeInIndex = 0; path = ARRulerTests.xctest; sourceTree = BUILT_PRODUCTS_DIR; };
		6D2199232775F77700342C9B /* RulerTests.swift */ = {isa = PBXFileReference; lastKnownFileType = sourcecode.swift; path = RulerTests.swift; sourceTree = "<group>"; };
		6D2199292775F77700342C9B /* ARRulerUITests.xctest */ = {isa = PBXFileReference; explicitFileType = wrapper.cfbundle; includeInIndex = 0; path = ARRulerUITests.xctest; sourceTree = BUILT_PRODUCTS_DIR; };
		6D21992D2775F77700342C9B /* RulerUITests.swift */ = {isa = PBXFileReference; lastKnownFileType = sourcecode.swift; path = RulerUITests.swift; sourceTree = "<group>"; };
		6D21992F2775F77700342C9B /* RulerUITestsLaunchTests.swift */ = {isa = PBXFileReference; lastKnownFileType = sourcecode.swift; path = RulerUITestsLaunchTests.swift; sourceTree = "<group>"; };
/* End PBXFileReference section */

/* Begin PBXFrameworksBuildPhase section */
		6D2199072775F77300342C9B /* Frameworks */ = {
			isa = PBXFrameworksBuildPhase;
			buildActionMask = 2147483647;
			files = (
			);
			runOnlyForDeploymentPostprocessing = 0;
		};
		6D21991C2775F77700342C9B /* Frameworks */ = {
			isa = PBXFrameworksBuildPhase;
			buildActionMask = 2147483647;
			files = (
			);
			runOnlyForDeploymentPostprocessing = 0;
		};
		6D2199262775F77700342C9B /* Frameworks */ = {
			isa = PBXFrameworksBuildPhase;
			buildActionMask = 2147483647;
			files = (
			);
			runOnlyForDeploymentPostprocessing = 0;
		};
/* End PBXFrameworksBuildPhase section */

/* Begin PBXGroup section */
		6D2199012775F77300342C9B = {
			isa = PBXGroup;
			children = (
				6D21990C2775F77300342C9B /* Ruler */,
				6D2199222775F77700342C9B /* RulerTests */,
				6D21992C2775F77700342C9B /* RulerUITests */,
				6D21990B2775F77300342C9B /* Products */,
			);
			sourceTree = "<group>";
		};
		6D21990B2775F77300342C9B /* Products */ = {
			isa = PBXGroup;
			children = (
				6D21990A2775F77300342C9B /* ARARRuler.app */,
				6D21991F2775F77700342C9B /* ARRulerTests.xctest */,
				6D2199292775F77700342C9B /* ARRulerUITests.xctest */,
			);
			name = Products;
			sourceTree = "<group>";
		};
		6D21990C2775F77300342C9B /* Ruler */ = {
			isa = PBXGroup;
			children = (
				6D21990D2775F77300342C9B /* AppDelegate.swift */,
				6D21990F2775F77300342C9B /* art.scnassets */,
				6D57FB382799ED1E004F9564 /* Controller */,
				6D2199132775F77300342C9B /* Main.storyboard */,
				6D2199162775F77700342C9B /* Assets.xcassets */,
				6D2199182775F77700342C9B /* LaunchScreen.storyboard */,
			);
			path = Ruler;
			sourceTree = "<group>";
		};
		6D2199222775F77700342C9B /* RulerTests */ = {
			isa = PBXGroup;
			children = (
				6D2199232775F77700342C9B /* RulerTests.swift */,
			);
			path = RulerTests;
			sourceTree = "<group>";
		};
		6D21992C2775F77700342C9B /* RulerUITests */ = {
			isa = PBXGroup;
			children = (
				6D21992D2775F77700342C9B /* RulerUITests.swift */,
				6D21992F2775F77700342C9B /* RulerUITestsLaunchTests.swift */,
			);
			path = RulerUITests;
			sourceTree = "<group>";
		};
		6D57FB382799ED1E004F9564 /* Controller */ = {
			isa = PBXGroup;
			children = (
				6D2199112775F77300342C9B /* ViewController.swift */,
			);
			path = Controller;
			sourceTree = "<group>";
		};
/* End PBXGroup section */

/* Begin PBXNativeTarget section */
		6D2199092775F77300342C9B /* ARRuler */ = {
			isa = PBXNativeTarget;
			buildConfigurationList = 6D2199332775F77700342C9B /* Build configuration list for PBXNativeTarget "ARRuler" */;
			buildPhases = (
				6D2199062775F77300342C9B /* Sources */,
				6D2199072775F77300342C9B /* Frameworks */,
				6D2199082775F77300342C9B /* Resources */,
			);
			buildRules = (
			);
			dependencies = (
			);
			name = ARRuler;
			productName = Ruler;
			productReference = 6D21990A2775F77300342C9B /* ARARRuler.app */;
			productType = "com.apple.product-type.application";
		};
		6D21991E2775F77700342C9B /* ARRulerTests */ = {
			isa = PBXNativeTarget;
			buildConfigurationList = 6D2199362775F77700342C9B /* Build configuration list for PBXNativeTarget "ARRulerTests" */;
			buildPhases = (
				6D21991B2775F77700342C9B /* Sources */,
				6D21991C2775F77700342C9B /* Frameworks */,
				6D21991D2775F77700342C9B /* Resources */,
			);
			buildRules = (
			);
			dependencies = (
				6D2199212775F77700342C9B /* PBXTargetDependency */,
			);
			name = ARRulerTests;
			productName = RulerTests;
			productReference = 6D21991F2775F77700342C9B /* ARRulerTests.xctest */;
			productType = "com.apple.product-type.bundle.unit-test";
		};
		6D2199282775F77700342C9B /* ARRulerUITests */ = {
			isa = PBXNativeTarget;
			buildConfigurationList = 6D2199392775F77700342C9B /* Build configuration list for PBXNativeTarget "ARRulerUITests" */;
			buildPhases = (
				6D2199252775F77700342C9B /* Sources */,
				6D2199262775F77700342C9B /* Frameworks */,
				6D2199272775F77700342C9B /* Resources */,
			);
			buildRules = (
			);
			dependencies = (
				6D21992B2775F77700342C9B /* PBXTargetDependency */,
			);
			name = ARRulerUITests;
			productName = RulerUITests;
			productReference = 6D2199292775F77700342C9B /* ARRulerUITests.xctest */;
			productType = "com.apple.product-type.bundle.ui-testing";
		};
/* End PBXNativeTarget section */

/* Begin PBXProject section */
		6D2199022775F77300342C9B /* Project object */ = {
			isa = PBXProject;
			attributes = {
				BuildIndependentTargetsInParallel = 1;
				LastSwiftUpdateCheck = 1310;
				LastUpgradeCheck = 1310;
				ORGANIZATIONNAME = "The coding Mermaid";
				TargetAttributes = {
					6D2199092775F77300342C9B = {
						CreatedOnToolsVersion = 13.1;
					};
					6D21991E2775F77700342C9B = {
						CreatedOnToolsVersion = 13.1;
						TestTargetID = 6D2199092775F77300342C9B;
					};
					6D2199282775F77700342C9B = {
						CreatedOnToolsVersion = 13.1;
						TestTargetID = 6D2199092775F77300342C9B;
					};
				};
			};
			buildConfigurationList = 6D2199052775F77300342C9B /* Build configuration list for PBXProject "ARRuler" */;
			compatibilityVersion = "Xcode 13.0";
			developmentRegion = en;
			hasScannedForEncodings = 0;
			knownRegions = (
				en,
				Base,
			);
			mainGroup = 6D2199012775F77300342C9B;
			productRefGroup = 6D21990B2775F77300342C9B /* Products */;
			projectDirPath = "";
			projectRoot = "";
			targets = (
				6D2199092775F77300342C9B /* ARRuler */,
				6D21991E2775F77700342C9B /* ARRulerTests */,
				6D2199282775F77700342C9B /* ARRulerUITests */,
			);
		};
/* End PBXProject section */

/* Begin PBXResourcesBuildPhase section */
		6D2199082775F77300342C9B /* Resources */ = {
			isa = PBXResourcesBuildPhase;
			buildActionMask = 2147483647;
			files = (
				6D2199102775F77300342C9B /* art.scnassets in Resources */,
				6D21991A2775F77700342C9B /* LaunchScreen.storyboard in Resources */,
				6D2199172775F77700342C9B /* Assets.xcassets in Resources */,
				6D2199152775F77300342C9B /* Main.storyboard in Resources */,
			);
			runOnlyForDeploymentPostprocessing = 0;
		};
		6D21991D2775F77700342C9B /* Resources */ = {
			isa = PBXResourcesBuildPhase;
			buildActionMask = 2147483647;
			files = (
			);
			runOnlyForDeploymentPostprocessing = 0;
		};
		6D2199272775F77700342C9B /* Resources */ = {
			isa = PBXResourcesBuildPhase;
			buildActionMask = 2147483647;
			files = (
			);
			runOnlyForDeploymentPostprocessing = 0;
		};
/* End PBXResourcesBuildPhase section */

/* Begin PBXSourcesBuildPhase section */
		6D2199062775F77300342C9B /* Sources */ = {
			isa = PBXSourcesBuildPhase;
			buildActionMask = 2147483647;
			files = (
				6D2199122775F77300342C9B /* ViewController.swift in Sources */,
				6D21990E2775F77300342C9B /* AppDelegate.swift in Sources */,
			);
			runOnlyForDeploymentPostprocessing = 0;
		};
		6D21991B2775F77700342C9B /* Sources */ = {
			isa = PBXSourcesBuildPhase;
			buildActionMask = 2147483647;
			files = (
				6D2199242775F77700342C9B /* RulerTests.swift in Sources */,
			);
			runOnlyForDeploymentPostprocessing = 0;
		};
		6D2199252775F77700342C9B /* Sources */ = {
			isa = PBXSourcesBuildPhase;
			buildActionMask = 2147483647;
			files = (
				6D21992E2775F77700342C9B /* RulerUITests.swift in Sources */,
				6D2199302775F77700342C9B /* RulerUITestsLaunchTests.swift in Sources */,
			);
			runOnlyForDeploymentPostprocessing = 0;
		};
/* End PBXSourcesBuildPhase section */

/* Begin PBXTargetDependency section */
		6D2199212775F77700342C9B /* PBXTargetDependency */ = {
			isa = PBXTargetDependency;
			target = 6D2199092775F77300342C9B /* ARRuler */;
			targetProxy = 6D2199202775F77700342C9B /* PBXContainerItemProxy */;
		};
		6D21992B2775F77700342C9B /* PBXTargetDependency */ = {
			isa = PBXTargetDependency;
			target = 6D2199092775F77300342C9B /* ARRuler */;
			targetProxy = 6D21992A2775F77700342C9B /* PBXContainerItemProxy */;
		};
/* End PBXTargetDependency section */

/* Begin PBXVariantGroup section */
		6D2199132775F77300342C9B /* Main.storyboard */ = {
			isa = PBXVariantGroup;
			children = (
				6D2199142775F77300342C9B /* Base */,
			);
			name = Main.storyboard;
			sourceTree = "<group>";
		};
		6D2199182775F77700342C9B /* LaunchScreen.storyboard */ = {
			isa = PBXVariantGroup;
			children = (
				6D2199192775F77700342C9B /* Base */,
			);
			name = LaunchScreen.storyboard;
			sourceTree = "<group>";
		};
/* End PBXVariantGroup section */

/* Begin XCBuildConfiguration section */
		6D2199312775F77700342C9B /* Debug */ = {
			isa = XCBuildConfiguration;
			buildSettings = {
				ALWAYS_SEARCH_USER_PATHS = NO;
				CLANG_ANALYZER_NONNULL = YES;
				CLANG_ANALYZER_NUMBER_OBJECT_CONVERSION = YES_AGGRESSIVE;
				CLANG_CXX_LANGUAGE_STANDARD = "gnu++17";
				CLANG_CXX_LIBRARY = "libc++";
				CLANG_ENABLE_MODULES = YES;
				CLANG_ENABLE_OBJC_ARC = YES;
				CLANG_ENABLE_OBJC_WEAK = YES;
				CLANG_WARN_BLOCK_CAPTURE_AUTORELEASING = YES;
				CLANG_WARN_BOOL_CONVERSION = YES;
				CLANG_WARN_COMMA = YES;
				CLANG_WARN_CONSTANT_CONVERSION = YES;
				CLANG_WARN_DEPRECATED_OBJC_IMPLEMENTATIONS = YES;
				CLANG_WARN_DIRECT_OBJC_ISA_USAGE = YES_ERROR;
				CLANG_WARN_DOCUMENTATION_COMMENTS = YES;
				CLANG_WARN_EMPTY_BODY = YES;
				CLANG_WARN_ENUM_CONVERSION = YES;
				CLANG_WARN_INFINITE_RECURSION = YES;
				CLANG_WARN_INT_CONVERSION = YES;
				CLANG_WARN_NON_LITERAL_NULL_CONVERSION = YES;
				CLANG_WARN_OBJC_IMPLICIT_RETAIN_SELF = YES;
				CLANG_WARN_OBJC_LITERAL_CONVERSION = YES;
				CLANG_WARN_OBJC_ROOT_CLASS = YES_ERROR;
				CLANG_WARN_QUOTED_INCLUDE_IN_FRAMEWORK_HEADER = YES;
				CLANG_WARN_RANGE_LOOP_ANALYSIS = YES;
				CLANG_WARN_STRICT_PROTOTYPES = YES;
				CLANG_WARN_SUSPICIOUS_MOVE = YES;
				CLANG_WARN_UNGUARDED_AVAILABILITY = YES_AGGRESSIVE;
				CLANG_WARN_UNREACHABLE_CODE = YES;
				CLANG_WARN__DUPLICATE_METHOD_MATCH = YES;
				COPY_PHASE_STRIP = NO;
				DEBUG_INFORMATION_FORMAT = dwarf;
				ENABLE_STRICT_OBJC_MSGSEND = YES;
				ENABLE_TESTABILITY = YES;
				GCC_C_LANGUAGE_STANDARD = gnu11;
				GCC_DYNAMIC_NO_PIC = NO;
				GCC_NO_COMMON_BLOCKS = YES;
				GCC_OPTIMIZATION_LEVEL = 0;
				GCC_PREPROCESSOR_DEFINITIONS = (
					"DEBUG=1",
					"$(inherited)",
				);
				GCC_WARN_64_TO_32_BIT_CONVERSION = YES;
				GCC_WARN_ABOUT_RETURN_TYPE = YES_ERROR;
				GCC_WARN_UNDECLARED_SELECTOR = YES;
				GCC_WARN_UNINITIALIZED_AUTOS = YES_AGGRESSIVE;
				GCC_WARN_UNUSED_FUNCTION = YES;
				GCC_WARN_UNUSED_VARIABLE = YES;
				IPHONEOS_DEPLOYMENT_TARGET = 15.0;
				MTL_ENABLE_DEBUG_INFO = INCLUDE_SOURCE;
				MTL_FAST_MATH = YES;
				ONLY_ACTIVE_ARCH = YES;
				SDKROOT = iphoneos;
				SWIFT_ACTIVE_COMPILATION_CONDITIONS = DEBUG;
				SWIFT_OPTIMIZATION_LEVEL = "-Onone";
			};
			name = Debug;
		};
		6D2199322775F77700342C9B /* Release */ = {
			isa = XCBuildConfiguration;
			buildSettings = {
				ALWAYS_SEARCH_USER_PATHS = NO;
				CLANG_ANALYZER_NONNULL = YES;
				CLANG_ANALYZER_NUMBER_OBJECT_CONVERSION = YES_AGGRESSIVE;
				CLANG_CXX_LANGUAGE_STANDARD = "gnu++17";
				CLANG_CXX_LIBRARY = "libc++";
				CLANG_ENABLE_MODULES = YES;
				CLANG_ENABLE_OBJC_ARC = YES;
				CLANG_ENABLE_OBJC_WEAK = YES;
				CLANG_WARN_BLOCK_CAPTURE_AUTORELEASING = YES;
				CLANG_WARN_BOOL_CONVERSION = YES;
				CLANG_WARN_COMMA = YES;
				CLANG_WARN_CONSTANT_CONVERSION = YES;
				CLANG_WARN_DEPRECATED_OBJC_IMPLEMENTATIONS = YES;
				CLANG_WARN_DIRECT_OBJC_ISA_USAGE = YES_ERROR;
				CLANG_WARN_DOCUMENTATION_COMMENTS = YES;
				CLANG_WARN_EMPTY_BODY = YES;
				CLANG_WARN_ENUM_CONVERSION = YES;
				CLANG_WARN_INFINITE_RECURSION = YES;
				CLANG_WARN_INT_CONVERSION = YES;
				CLANG_WARN_NON_LITERAL_NULL_CONVERSION = YES;
				CLANG_WARN_OBJC_IMPLICIT_RETAIN_SELF = YES;
				CLANG_WARN_OBJC_LITERAL_CONVERSION = YES;
				CLANG_WARN_OBJC_ROOT_CLASS = YES_ERROR;
				CLANG_WARN_QUOTED_INCLUDE_IN_FRAMEWORK_HEADER = YES;
				CLANG_WARN_RANGE_LOOP_ANALYSIS = YES;
				CLANG_WARN_STRICT_PROTOTYPES = YES;
				CLANG_WARN_SUSPICIOUS_MOVE = YES;
				CLANG_WARN_UNGUARDED_AVAILABILITY = YES_AGGRESSIVE;
				CLANG_WARN_UNREACHABLE_CODE = YES;
				CLANG_WARN__DUPLICATE_METHOD_MATCH = YES;
				COPY_PHASE_STRIP = NO;
				DEBUG_INFORMATION_FORMAT = "dwarf-with-dsym";
				ENABLE_NS_ASSERTIONS = NO;
				ENABLE_STRICT_OBJC_MSGSEND = YES;
				GCC_C_LANGUAGE_STANDARD = gnu11;
				GCC_NO_COMMON_BLOCKS = YES;
				GCC_WARN_64_TO_32_BIT_CONVERSION = YES;
				GCC_WARN_ABOUT_RETURN_TYPE = YES_ERROR;
				GCC_WARN_UNDECLARED_SELECTOR = YES;
				GCC_WARN_UNINITIALIZED_AUTOS = YES_AGGRESSIVE;
				GCC_WARN_UNUSED_FUNCTION = YES;
				GCC_WARN_UNUSED_VARIABLE = YES;
				IPHONEOS_DEPLOYMENT_TARGET = 15.0;
				MTL_ENABLE_DEBUG_INFO = NO;
				MTL_FAST_MATH = YES;
				SDKROOT = iphoneos;
				SWIFT_COMPILATION_MODE = wholemodule;
				SWIFT_OPTIMIZATION_LEVEL = "-O";
				VALIDATE_PRODUCT = YES;
			};
			name = Release;
		};
		6D2199342775F77700342C9B /* Debug */ = {
			isa = XCBuildConfiguration;
			buildSettings = {
				ASSETCATALOG_COMPILER_APPICON_NAME = AppIcon;
				ASSETCATALOG_COMPILER_GLOBAL_ACCENT_COLOR_NAME = AccentColor;
				CODE_SIGN_STYLE = Automatic;
				CURRENT_PROJECT_VERSION = 1;
				DEVELOPMENT_TEAM = 6A76H7Y9F5;
				GENERATE_INFOPLIST_FILE = YES;
				INFOPLIST_KEY_NSCameraUsageDescription = "";
				INFOPLIST_KEY_UIApplicationSupportsIndirectInputEvents = YES;
				INFOPLIST_KEY_UILaunchStoryboardName = LaunchScreen;
				INFOPLIST_KEY_UIMainStoryboardFile = Main;
				INFOPLIST_KEY_UIRequiredDeviceCapabilities = arkit;
				INFOPLIST_KEY_UIStatusBarHidden = YES;
				INFOPLIST_KEY_UISupportedInterfaceOrientations = "UIInterfaceOrientationLandscapeRight UIInterfaceOrientationLandscapeLeft UIInterfaceOrientationPortrait";
				INFOPLIST_KEY_UISupportedInterfaceOrientations_iPad = "UIInterfaceOrientationPortrait UIInterfaceOrientationPortraitUpsideDown UIInterfaceOrientationLandscapeLeft UIInterfaceOrientationLandscapeRight";
				INFOPLIST_KEY_UISupportedInterfaceOrientations_iPhone = "UIInterfaceOrientationPortrait UIInterfaceOrientationLandscapeLeft UIInterfaceOrientationLandscapeRight";
				LD_RUNPATH_SEARCH_PATHS = (
					"$(inherited)",
					"@executable_path/Frameworks",
				);
				MARKETING_VERSION = 1.0;
				PRODUCT_BUNDLE_IDENTIFIER = "com.thecodingmermaid.AR-Ruler";
				PRODUCT_NAME = ARARRuler;
				SWIFT_EMIT_LOC_STRINGS = YES;
				SWIFT_VERSION = 5.0;
				TARGETED_DEVICE_FAMILY = "1,2";
			};
			name = Debug;
		};
		6D2199352775F77700342C9B /* Release */ = {
			isa = XCBuildConfiguration;
			buildSettings = {
				ASSETCATALOG_COMPILER_APPICON_NAME = AppIcon;
				ASSETCATALOG_COMPILER_GLOBAL_ACCENT_COLOR_NAME = AccentColor;
				CODE_SIGN_STYLE = Automatic;
				CURRENT_PROJECT_VERSION = 1;
				DEVELOPMENT_TEAM = 6A76H7Y9F5;
				GENERATE_INFOPLIST_FILE = YES;
				INFOPLIST_KEY_NSCameraUsageDescription = "";
				INFOPLIST_KEY_UIApplicationSupportsIndirectInputEvents = YES;
				INFOPLIST_KEY_UILaunchStoryboardName = LaunchScreen;
				INFOPLIST_KEY_UIMainStoryboardFile = Main;
				INFOPLIST_KEY_UIRequiredDeviceCapabilities = arkit;
				INFOPLIST_KEY_UIStatusBarHidden = YES;
				INFOPLIST_KEY_UISupportedInterfaceOrientations = "UIInterfaceOrientationLandscapeRight UIInterfaceOrientationLandscapeLeft UIInterfaceOrientationPortrait";
				INFOPLIST_KEY_UISupportedInterfaceOrientations_iPad = "UIInterfaceOrientationPortrait UIInterfaceOrientationPortraitUpsideDown UIInterfaceOrientationLandscapeLeft UIInterfaceOrientationLandscapeRight";
				INFOPLIST_KEY_UISupportedInterfaceOrientations_iPhone = "UIInterfaceOrientationPortrait UIInterfaceOrientationLandscapeLeft UIInterfaceOrientationLandscapeRight";
				LD_RUNPATH_SEARCH_PATHS = (
					"$(inherited)",
					"@executable_path/Frameworks",
				);
				MARKETING_VERSION = 1.0;
				PRODUCT_BUNDLE_IDENTIFIER = "com.thecodingmermaid.AR-Ruler";
				PRODUCT_NAME = ARARRuler;
				SWIFT_EMIT_LOC_STRINGS = YES;
				SWIFT_VERSION = 5.0;
				TARGETED_DEVICE_FAMILY = "1,2";
			};
			name = Release;
		};
		6D2199372775F77700342C9B /* Debug */ = {
			isa = XCBuildConfiguration;
			buildSettings = {
				ALWAYS_EMBED_SWIFT_STANDARD_LIBRARIES = YES;
				BUNDLE_LOADER = "$(TEST_HOST)";
				CODE_SIGN_STYLE = Automatic;
				CURRENT_PROJECT_VERSION = 1;
				DEVELOPMENT_TEAM = 6A76H7Y9F5;
				GENERATE_INFOPLIST_FILE = YES;
				IPHONEOS_DEPLOYMENT_TARGET = 15.0;
				LD_RUNPATH_SEARCH_PATHS = (
					"$(inherited)",
					"@executable_path/Frameworks",
					"@loader_path/Frameworks",
				);
				MARKETING_VERSION = 1.0;
				PRODUCT_BUNDLE_IDENTIFIER = com.TheCodingMermaid.RulerTests;
				PRODUCT_NAME = "$(TARGET_NAME)";
				SWIFT_EMIT_LOC_STRINGS = NO;
				SWIFT_VERSION = 5.0;
				TARGETED_DEVICE_FAMILY = "1,2";
				TEST_HOST = "$(BUILT_PRODUCTS_DIR)/ARRuler.app/ARRuler";
			};
			name = Debug;
		};
		6D2199382775F77700342C9B /* Release */ = {
			isa = XCBuildConfiguration;
			buildSettings = {
				ALWAYS_EMBED_SWIFT_STANDARD_LIBRARIES = YES;
				BUNDLE_LOADER = "$(TEST_HOST)";
				CODE_SIGN_STYLE = Automatic;
				CURRENT_PROJECT_VERSION = 1;
				DEVELOPMENT_TEAM = 6A76H7Y9F5;
				GENERATE_INFOPLIST_FILE = YES;
				IPHONEOS_DEPLOYMENT_TARGET = 15.0;
				LD_RUNPATH_SEARCH_PATHS = (
					"$(inherited)",
					"@executable_path/Frameworks",
					"@loader_path/Frameworks",
				);
				MARKETING_VERSION = 1.0;
				PRODUCT_BUNDLE_IDENTIFIER = com.TheCodingMermaid.RulerTests;
				PRODUCT_NAME = "$(TARGET_NAME)";
				SWIFT_EMIT_LOC_STRINGS = NO;
				SWIFT_VERSION = 5.0;
				TARGETED_DEVICE_FAMILY = "1,2";
				TEST_HOST = "$(BUILT_PRODUCTS_DIR)/ARRuler.app/ARRuler";
			};
			name = Release;
		};
		6D21993A2775F77700342C9B /* Debug */ = {
			isa = XCBuildConfiguration;
			buildSettings = {
				ALWAYS_EMBED_SWIFT_STANDARD_LIBRARIES = YES;
				CODE_SIGN_STYLE = Automatic;
				CURRENT_PROJECT_VERSION = 1;
				DEVELOPMENT_TEAM = 6A76H7Y9F5;
				GENERATE_INFOPLIST_FILE = YES;
				LD_RUNPATH_SEARCH_PATHS = (
					"$(inherited)",
					"@executable_path/Frameworks",
					"@loader_path/Frameworks",
				);
				MARKETING_VERSION = 1.0;
				PRODUCT_BUNDLE_IDENTIFIER = com.TheCodingMermaid.RulerUITests;
				PRODUCT_NAME = "$(TARGET_NAME)";
				SWIFT_EMIT_LOC_STRINGS = NO;
				SWIFT_VERSION = 5.0;
				TARGETED_DEVICE_FAMILY = "1,2";
				TEST_TARGET_NAME = Ruler;
			};
			name = Debug;
		};
		6D21993B2775F77700342C9B /* Release */ = {
			isa = XCBuildConfiguration;
			buildSettings = {
				ALWAYS_EMBED_SWIFT_STANDARD_LIBRARIES = YES;
				CODE_SIGN_STYLE = Automatic;
				CURRENT_PROJECT_VERSION = 1;
				DEVELOPMENT_TEAM = 6A76H7Y9F5;
				GENERATE_INFOPLIST_FILE = YES;
				LD_RUNPATH_SEARCH_PATHS = (
					"$(inherited)",
					"@executable_path/Frameworks",
					"@loader_path/Frameworks",
				);
				MARKETING_VERSION = 1.0;
				PRODUCT_BUNDLE_IDENTIFIER = com.TheCodingMermaid.RulerUITests;
				PRODUCT_NAME = "$(TARGET_NAME)";
				SWIFT_EMIT_LOC_STRINGS = NO;
				SWIFT_VERSION = 5.0;
				TARGETED_DEVICE_FAMILY = "1,2";
				TEST_TARGET_NAME = Ruler;
			};
			name = Release;
		};
/* End XCBuildConfiguration section */

/* Begin XCConfigurationList section */
		6D2199052775F77300342C9B /* Build configuration list for PBXProject "ARRuler" */ = {
			isa = XCConfigurationList;
			buildConfigurations = (
				6D2199312775F77700342C9B /* Debug */,
				6D2199322775F77700342C9B /* Release */,
			);
			defaultConfigurationIsVisible = 0;
			defaultConfigurationName = Release;
		};
		6D2199332775F77700342C9B /* Build configuration list for PBXNativeTarget "ARRuler" */ = {
			isa = XCConfigurationList;
			buildConfigurations = (
				6D2199342775F77700342C9B /* Debug */,
				6D2199352775F77700342C9B /* Release */,
			);
			defaultConfigurationIsVisible = 0;
			defaultConfigurationName = Release;
		};
		6D2199362775F77700342C9B /* Build configuration list for PBXNativeTarget "ARRulerTests" */ = {
			isa = XCConfigurationList;
			buildConfigurations = (
				6D2199372775F77700342C9B /* Debug */,
				6D2199382775F77700342C9B /* Release */,
			);
			defaultConfigurationIsVisible = 0;
			defaultConfigurationName = Release;
		};
		6D2199392775F77700342C9B /* Build configuration list for PBXNativeTarget "ARRulerUITests" */ = {
			isa = XCConfigurationList;
			buildConfigurations = (
				6D21993A2775F77700342C9B /* Debug */,
				6D21993B2775F77700342C9B /* Release */,
			);
			defaultConfigurationIsVisible = 0;
			defaultConfigurationName = Release;
		};
/* End XCConfigurationList section */
	};
	rootObject = 6D2199022775F77300342C9B /* Project object */;
}
